// !$*UTF8*$!
{
	archiveVersion = 1;
	classes = {
	};
	objectVersion = 46;
	objects = {

/* Begin PBXBuildFile section */
		43613DFE1F74091A0019F811 /* main.cpp in Sources */ = {isa = PBXBuildFile; fileRef = 43613DFD1F74091A0019F811 /* main.cpp */; };
		43B108E71F744AE1001B9B3A /* IOKit.framework in Frameworks */ = {isa = PBXBuildFile; fileRef = 43B108E61F744AE1001B9B3A /* IOKit.framework */; settings = {ATTRIBUTES = (Weak, ); }; };
		43B108E91F744B03001B9B3A /* CoreFoundation.framework in Frameworks */ = {isa = PBXBuildFile; fileRef = 43B108E81F744B03001B9B3A /* CoreFoundation.framework */; settings = {ATTRIBUTES = (Weak, ); }; };
/* End PBXBuildFile section */

/* Begin PBXCopyFilesBuildPhase section */
		43613DF81F7409190019F811 /* CopyFiles */ = {
			isa = PBXCopyFilesBuildPhase;
			buildActionMask = 2147483647;
			dstPath = /usr/share/man/man1/;
			dstSubfolderSpec = 0;
			files = (
			);
			runOnlyForDeploymentPostprocessing = 1;
		};
/* End PBXCopyFilesBuildPhase section */

/* Begin PBXFileReference section */
		43613DFA1F74091A0019F811 /* OSXfuzz */ = {isa = PBXFileReference; explicitFileType = "compiled.mach-o.executable"; includeInIndex = 0; path = OSXfuzz; sourceTree = BUILT_PRODUCTS_DIR; };
		43613DFD1F74091A0019F811 /* main.cpp */ = {isa = PBXFileReference; lastKnownFileType = sourcecode.cpp.cpp; path = main.cpp; sourceTree = "<group>"; };
		43613E071F740BBC0019F811 /* parsing.h */ = {isa = PBXFileReference; lastKnownFileType = sourcecode.c.h; path = parsing.h; sourceTree = "<group>"; };
		43613E081F743B0E0019F811 /* fuzz.h */ = {isa = PBXFileReference; lastKnownFileType = sourcecode.c.h; path = fuzz.h; sourceTree = "<group>"; };
		43613E091F743B8B0019F811 /* define.h */ = {isa = PBXFileReference; lastKnownFileType = sourcecode.c.h; path = define.h; sourceTree = "<group>"; };
		43B108E61F744AE1001B9B3A /* IOKit.framework */ = {isa = PBXFileReference; lastKnownFileType = wrapper.framework; name = IOKit.framework; path = System/Library/Frameworks/IOKit.framework; sourceTree = SDKROOT; };
		43B108E81F744B03001B9B3A /* CoreFoundation.framework */ = {isa = PBXFileReference; lastKnownFileType = wrapper.framework; name = CoreFoundation.framework; path = System/Library/Frameworks/CoreFoundation.framework; sourceTree = SDKROOT; };
/* End PBXFileReference section */

/* Begin PBXFrameworksBuildPhase section */
		43613DF71F7409190019F811 /* Frameworks */ = {
			isa = PBXFrameworksBuildPhase;
			buildActionMask = 2147483647;
			files = (
				43B108E91F744B03001B9B3A /* CoreFoundation.framework in Frameworks */,
				43B108E71F744AE1001B9B3A /* IOKit.framework in Frameworks */,
			);
			runOnlyForDeploymentPostprocessing = 0;
		};
/* End PBXFrameworksBuildPhase section */

/* Begin PBXGroup section */
		43613DF11F7409190019F811 = {
			isa = PBXGroup;
			children = (
				43613DFC1F74091A0019F811 /* OSXfuzz */,
				43613DFB1F74091A0019F811 /* Products */,
				43B108E51F744AE1001B9B3A /* Frameworks */,
			);
			sourceTree = "<group>";
		};
		43613DFB1F74091A0019F811 /* Products */ = {
			isa = PBXGroup;
			children = (
				43613DFA1F74091A0019F811 /* OSXfuzz */,
			);
			name = Products;
			sourceTree = "<group>";
		};
		43613DFC1F74091A0019F811 /* OSXfuzz */ = {
			isa = PBXGroup;
			children = (
				43613DFD1F74091A0019F811 /* main.cpp */,
				43613E071F740BBC0019F811 /* parsing.h */,
				43613E081F743B0E0019F811 /* fuzz.h */,
				43613E091F743B8B0019F811 /* define.h */,
			);
			path = OSXfuzz;
			sourceTree = "<group>";
		};
		43B108E51F744AE1001B9B3A /* Frameworks */ = {
			isa = PBXGroup;
			children = (
				43B108E81F744B03001B9B3A /* CoreFoundation.framework */,
				43B108E61F744AE1001B9B3A /* IOKit.framework */,
			);
			name = Frameworks;
			sourceTree = "<group>";
		};
/* End PBXGroup section */

/* Begin PBXNativeTarget section */
		43613DF91F7409190019F811 /* OSXfuzz */ = {
			isa = PBXNativeTarget;
			buildConfigurationList = 43613E011F74091A0019F811 /* Build configuration list for PBXNativeTarget "OSXfuzz" */;
			buildPhases = (
				43613DF61F7409190019F811 /* Sources */,
				43613DF71F7409190019F811 /* Frameworks */,
				43613DF81F7409190019F811 /* CopyFiles */,
			);
			buildRules = (
			);
			dependencies = (
			);
			name = OSXfuzz;
			productName = OSXfuzz;
			productReference = 43613DFA1F74091A0019F811 /* OSXfuzz */;
			productType = "com.apple.product-type.tool";
		};
/* End PBXNativeTarget section */

/* Begin PBXProject section */
		43613DF21F7409190019F811 /* Project object */ = {
			isa = PBXProject;
			attributes = {
				LastUpgradeCheck = 0830;
				ORGANIZATIONNAME = "송상준";
				TargetAttributes = {
					43613DF91F7409190019F811 = {
						CreatedOnToolsVersion = 8.3.1;
						DevelopmentTeam = 8L25D39TNE;
						ProvisioningStyle = Automatic;
					};
				};
			};
			buildConfigurationList = 43613DF51F7409190019F811 /* Build configuration list for PBXProject "OSXfuzz" */;
			compatibilityVersion = "Xcode 3.2";
			developmentRegion = English;
			hasScannedForEncodings = 0;
			knownRegions = (
				en,
			);
			mainGroup = 43613DF11F7409190019F811;
			productRefGroup = 43613DFB1F74091A0019F811 /* Products */;
			projectDirPath = "";
			projectRoot = "";
			targets = (
				43613DF91F7409190019F811 /* OSXfuzz */,
			);
		};
/* End PBXProject section */

/* Begin PBXSourcesBuildPhase section */
		43613DF61F7409190019F811 /* Sources */ = {
			isa = PBXSourcesBuildPhase;
			buildActionMask = 2147483647;
			files = (
				43613DFE1F74091A0019F811 /* main.cpp in Sources */,
			);
			runOnlyForDeploymentPostprocessing = 0;
		};
/* End PBXSourcesBuildPhase section */

/* Begin XCBuildConfiguration section */
		43613DFF1F74091A0019F811 /* Debug */ = {
			isa = XCBuildConfiguration;
			buildSettings = {
				ALWAYS_SEARCH_USER_PATHS = NO;
				CLANG_ANALYZER_NONNULL = YES;
				CLANG_ANALYZER_NUMBER_OBJECT_CONVERSION = YES_AGGRESSIVE;
				CLANG_CXX_LANGUAGE_STANDARD = "gnu++0x";
				CLANG_CXX_LIBRARY = "libc++";
				CLANG_ENABLE_MODULES = YES;
				CLANG_ENABLE_OBJC_ARC = YES;
				CLANG_WARN_BOOL_CONVERSION = YES;
				CLANG_WARN_CONSTANT_CONVERSION = YES;
				CLANG_WARN_DIRECT_OBJC_ISA_USAGE = YES_ERROR;
				CLANG_WARN_DOCUMENTATION_COMMENTS = YES;
				CLANG_WARN_EMPTY_BODY = YES;
				CLANG_WARN_ENUM_CONVERSION = YES;
				CLANG_WARN_INFINITE_RECURSION = YES;
				CLANG_WARN_INT_CONVERSION = YES;
				CLANG_WARN_OBJC_ROOT_CLASS = YES_ERROR;
				CLANG_WARN_SUSPICIOUS_MOVE = YES;
				CLANG_WARN_UNREACHABLE_CODE = YES;
				CLANG_WARN__DUPLICATE_METHOD_MATCH = YES;
				CODE_SIGN_IDENTITY = "-";
				COPY_PHASE_STRIP = NO;
				DEBUG_INFORMATION_FORMAT = dwarf;
				ENABLE_STRICT_OBJC_MSGSEND = YES;
				ENABLE_TESTABILITY = YES;
				GCC_C_LANGUAGE_STANDARD = gnu99;
				GCC_DYNAMIC_NO_PIC = NO;
				GCC_NO_COMMON_BLOCKS = YES;
				GCC_OPTIMIZATION_LEVEL = 0;
				GCC_PREPROCESSOR_DEFINITIONS = (
					"DEBUG=1",
					"$(inherited)",
				);
				GCC_WARN_64_TO_32_BIT_CONVERSION = YES;
				GCC_WARN_ABOUT_RETURN_TYPE = YES_ERROR;
				GCC_WARN_UNDECLARED_SELECTOR = YES;
				GCC_WARN_UNINITIALIZED_AUTOS = YES_AGGRESSIVE;
				GCC_WARN_UNUSED_FUNCTION = YES;
				GCC_WARN_UNUSED_VARIABLE = YES;
				MACOSX_DEPLOYMENT_TARGET = 10.12;
				MTL_ENABLE_DEBUG_INFO = YES;
				ONLY_ACTIVE_ARCH = YES;
				SDKROOT = macosx;
			};
			name = Debug;
		};
		43613E001F74091A0019F811 /* Release */ = {
			isa = XCBuildConfiguration;
			buildSettings = {
				ALWAYS_SEARCH_USER_PATHS = NO;
				CLANG_ANALYZER_NONNULL = YES;
				CLANG_ANALYZER_NUMBER_OBJECT_CONVERSION = YES_AGGRESSIVE;
				CLANG_CXX_LANGUAGE_STANDARD = "gnu++0x";
				CLANG_CXX_LIBRARY = "libc++";
				CLANG_ENABLE_MODULES = YES;
				CLANG_ENABLE_OBJC_ARC = YES;
				CLANG_WARN_BOOL_CONVERSION = YES;
				CLANG_WARN_CONSTANT_CONVERSION = YES;
				CLANG_WARN_DIRECT_OBJC_ISA_USAGE = YES_ERROR;
				CLANG_WARN_DOCUMENTATION_COMMENTS = YES;
				CLANG_WARN_EMPTY_BODY = YES;
				CLANG_WARN_ENUM_CONVERSION = YES;
				CLANG_WARN_INFINITE_RECURSION = YES;
				CLANG_WARN_INT_CONVERSION = YES;
				CLANG_WARN_OBJC_ROOT_CLASS = YES_ERROR;
				CLANG_WARN_SUSPICIOUS_MOVE = YES;
				CLANG_WARN_UNREACHABLE_CODE = YES;
				CLANG_WARN__DUPLICATE_METHOD_MATCH = YES;
				CODE_SIGN_IDENTITY = "-";
				COPY_PHASE_STRIP = NO;
				DEBUG_INFORMATION_FORMAT = "dwarf-with-dsym";
				ENABLE_NS_ASSERTIONS = NO;
				ENABLE_STRICT_OBJC_MSGSEND = YES;
				GCC_C_LANGUAGE_STANDARD = gnu99;
				GCC_NO_COMMON_BLOCKS = YES;
				GCC_WARN_64_TO_32_BIT_CONVERSION = YES;
				GCC_WARN_ABOUT_RETURN_TYPE = YES_ERROR;
				GCC_WARN_UNDECLARED_SELECTOR = YES;
				GCC_WARN_UNINITIALIZED_AUTOS = YES_AGGRESSIVE;
				GCC_WARN_UNUSED_FUNCTION = YES;
				GCC_WARN_UNUSED_VARIABLE = YES;
				MACOSX_DEPLOYMENT_TARGET = 10.12;
				MTL_ENABLE_DEBUG_INFO = NO;
				SDKROOT = macosx;
			};
			name = Release;
		};
		43613E021F74091A0019F811 /* Debug */ = {
			isa = XCBuildConfiguration;
			buildSettings = {
				CODE_SIGN_IDENTITY = "Mac Developer";
				DEVELOPMENT_TEAM = 8L25D39TNE;
				PRODUCT_NAME = "$(TARGET_NAME)";
				PROVISIONING_PROFILE_SPECIFIER = "";
			};
			name = Debug;
		};
		43613E031F74091A0019F811 /* Release */ = {
			isa = XCBuildConfiguration;
			buildSettings = {
				CODE_SIGN_IDENTITY = "Mac Developer";
				DEVELOPMENT_TEAM = 8L25D39TNE;
				PRODUCT_NAME = "$(TARGET_NAME)";
				PROVISIONING_PROFILE_SPECIFIER = "";
			};
			name = Release;
		};
/* End XCBuildConfiguration section */

/* Begin XCConfigurationList section */
		43613DF51F7409190019F811 /* Build configuration list for PBXProject "OSXfuzz" */ = {
			isa = XCConfigurationList;
			buildConfigurations = (
				43613DFF1F74091A0019F811 /* Debug */,
				43613E001F74091A0019F811 /* Release */,
			);
			defaultConfigurationIsVisible = 0;
			defaultConfigurationName = Release;
		};
		43613E011F74091A0019F811 /* Build configuration list for PBXNativeTarget "OSXfuzz" */ = {
			isa = XCConfigurationList;
			buildConfigurations = (
				43613E021F74091A0019F811 /* Debug */,
				43613E031F74091A0019F811 /* Release */,
			);
			defaultConfigurationIsVisible = 0;
			defaultConfigurationName = Release;
		};
/* End XCConfigurationList section */
	};
	rootObject = 43613DF21F7409190019F811 /* Project object */;
}
